{
  "name": "Test",
  "version": "0.0.0",
  "lockfileVersion": 1,
  "requires": true,
  "dependencies": {
    "enmap": {
      "version": "5.2.0",
      "resolved": "https://registry.npmjs.org/enmap/-/enmap-5.2.0.tgz",
      "integrity": "sha512-Bw9VQpk3Vkm9BNc7XqRBz1RMEjBqBiolCr2aaTkkBX7s8TuhnKD/yl/SgakBp3OtYl+f9vw3LpHOfWbwtb78+Q==",
      "requires": {
        "lodash": "^4.17.15"
      }
    },
    "lodash": {
      "version": "4.17.15",
      "resolved": "https://registry.npmjs.org/lodash/-/lodash-4.17.15.tgz",
      "integrity": "sha512-8xOcRHvCjnocdS5cpwXQXVzmmh5e5+saE2QGoeQmbKmRS6J3VQppPOIt0MnmE+4xlZoumy0GPG0D0MVIQbNA1A=="
    }
  }
}
